
Microsoft Visual Studio Solution File, Format Version 12.00
# Visual Studio Version 16
VisualStudioVersion = 16.0.33130.400
MinimumVisualStudioVersion = 10.0.40219.1
Project("{FAE04EC0-301F-11D3-BF4B-00C04F79EFBC}") = "DoubleDice", "DoubleDice\DoubleDice.csproj", "{A53914E2-9710-4A8D-A5CB-824E4A72D0D8}"
EndProject
Global
	GlobalSection(SolutionConfigurationPlatforms) = preSolution
		Debug|Any CPU = Debug|Any CPU
		Release|Any CPU = Release|Any CPU
	EndGlobalSection
	GlobalSection(ProjectConfigurationPlatforms) = postSolution
		{A53914E2-9710-4A8D-A5CB-824E4A72D0D8}.Debug|Any CPU.ActiveCfg = Debug|Any CPU
		{A53914E2-9710-4A8D-A5CB-824E4A72D0D8}.Debug|Any CPU.Build.0 = Debug|Any CPU
		{A53914E2-9710-4A8D-A5CB-824E4A72D0D8}.Release|Any CPU.ActiveCfg = Release|Any CPU
		{A53914E2-9710-4A8D-A5CB-824E4A72D0D8}.Release|Any CPU.Build.0 = Release|Any CPU
	EndGlobalSection
	GlobalSection(SolutionProperties) = preSolution
		HideSolutionNode = FALSE
	EndGlobalSection
	GlobalSection(ExtensibilityGlobals) = postSolution
		SolutionGuid = {7A827726-AECC-4481-905E-4A73DE21A009}
	EndGlobalSection
EndGlobal
